
Microsoft Visual Studio Solution File, Format Version 12.00
# Visual Studio Version 17
VisualStudioVersion = 17.5.002.0
MinimumVisualStudioVersion = 10.0.40219.1
Project("{9A19103F-16F7-4668-BE54-9A1E7A4F7556}") = "AzureFirewallCalculator.Core", "AzureFirewallCalculator.Core\AzureFirewallCalculator.Core.csproj", "{C4801977-0755-487C-B263-64CE4D245D11}"
EndProject
Project("{FAE04EC0-301F-11D3-BF4B-00C04F79EFBC}") = "AzureFirewallCalculator.Tests", "AzureFirewallCalculator.Tests\AzureFirewallCalculator.Tests.csproj", "{CF0F3517-44F9-4908-B8F3-F80F72871DD2}"
EndProject
Global
	GlobalSection(SolutionConfigurationPlatforms) = preSolution
		Debug|Any CPU = Debug|Any CPU
		Release|Any CPU = Release|Any CPU
	EndGlobalSection
	GlobalSection(ProjectConfigurationPlatforms) = postSolution
		{C4801977-0755-487C-B263-64CE4D245D11}.Debug|Any CPU.ActiveCfg = Debug|Any CPU
		{C4801977-0755-487C-B263-64CE4D245D11}.Debug|Any CPU.Build.0 = Debug|Any CPU
		{C4801977-0755-487C-B263-64CE4D245D11}.Release|Any CPU.ActiveCfg = Release|Any CPU
		{C4801977-0755-487C-B263-64CE4D245D11}.Release|Any CPU.Build.0 = Release|Any CPU
		{CF0F3517-44F9-4908-B8F3-F80F72871DD2}.Debug|Any CPU.ActiveCfg = Debug|Any CPU
		{CF0F3517-44F9-4908-B8F3-F80F72871DD2}.Debug|Any CPU.Build.0 = Debug|Any CPU
		{CF0F3517-44F9-4908-B8F3-F80F72871DD2}.Release|Any CPU.ActiveCfg = Release|Any CPU
		{CF0F3517-44F9-4908-B8F3-F80F72871DD2}.Release|Any CPU.Build.0 = Release|Any CPU
	EndGlobalSection
	GlobalSection(SolutionProperties) = preSolution
		HideSolutionNode = FALSE
	EndGlobalSection
	GlobalSection(ExtensibilityGlobals) = postSolution
		SolutionGuid = {24F95C5F-3A0F-420C-9995-95BCD2C4FDB9}
	EndGlobalSection
EndGlobal
